// !$*UTF8*$!
{
	archiveVersion = 1;
	classes = {
	};
	objectVersion = 48;
	objects = {

/* Begin PBXBuildFile section */
		161DBC3C1FBCE54300056CCC /* AndikaNewBasic-B.ttf in Resources */ = {isa = PBXBuildFile; fileRef = 161DBC381FBCE54300056CCC /* AndikaNewBasic-B.ttf */; };
		161DBC3D1FBCE54300056CCC /* AndikaNewBasic-BI.ttf in Resources */ = {isa = PBXBuildFile; fileRef = 161DBC391FBCE54300056CCC /* AndikaNewBasic-BI.ttf */; };
		161DBC3E1FBCE54300056CCC /* AndikaNewBasic-I.ttf in Resources */ = {isa = PBXBuildFile; fileRef = 161DBC3A1FBCE54300056CCC /* AndikaNewBasic-I.ttf */; };
		161DBC3F1FBCE54300056CCC /* AndikaNewBasic-R.ttf in Resources */ = {isa = PBXBuildFile; fileRef = 161DBC3B1FBCE54300056CCC /* AndikaNewBasic-R.ttf */; };
		16A31C241FC5A70800D7B9A5 /* TICFormatPanelView.swift in Sources */ = {isa = PBXBuildFile; fileRef = 16A31C231FC5A70700D7B9A5 /* TICFormatPanelView.swift */; };
		16A31C281FC5A93000D7B9A5 /* TICAlignmentPanelView.xib in Resources */ = {isa = PBXBuildFile; fileRef = 16A31C271FC5A93000D7B9A5 /* TICAlignmentPanelView.xib */; };
		16A31C2A1FC5ADA800D7B9A5 /* UIView+Layout.swift in Sources */ = {isa = PBXBuildFile; fileRef = 16A31C291FC5ADA800D7B9A5 /* UIView+Layout.swift */; };
		16A31C311FC5B15A00D7B9A5 /* TICMarginsPanelView.xib in Resources */ = {isa = PBXBuildFile; fileRef = 16A31C2B1FC5B15900D7B9A5 /* TICMarginsPanelView.xib */; };
		16A31C321FC5B15A00D7B9A5 /* TICColorPickerPanelView.xib in Resources */ = {isa = PBXBuildFile; fileRef = 16A31C2C1FC5B15900D7B9A5 /* TICColorPickerPanelView.xib */; };
		16A31C331FC5B15A00D7B9A5 /* TICFontPanelView.xib in Resources */ = {isa = PBXBuildFile; fileRef = 16A31C2D1FC5B15900D7B9A5 /* TICFontPanelView.xib */; };
		16A31C341FC5B15A00D7B9A5 /* TICColorPanelView.xib in Resources */ = {isa = PBXBuildFile; fileRef = 16A31C2E1FC5B15900D7B9A5 /* TICColorPanelView.xib */; };
		16A31C351FC5B15A00D7B9A5 /* TICExtrasPanelView.xib in Resources */ = {isa = PBXBuildFile; fileRef = 16A31C2F1FC5B15900D7B9A5 /* TICExtrasPanelView.xib */; };
		16A31C361FC5B15A00D7B9A5 /* TICFontDetailsPanelView.xib in Resources */ = {isa = PBXBuildFile; fileRef = 16A31C301FC5B15900D7B9A5 /* TICFontDetailsPanelView.xib */; };
		16A31C381FC5CAC800D7B9A5 /* UIColor+Hex.swift in Sources */ = {isa = PBXBuildFile; fileRef = 16A31C371FC5CAC800D7B9A5 /* UIColor+Hex.swift */; };
		16A31C3A1FC5CB1600D7B9A5 /* TICAlignmentPanelView.swift in Sources */ = {isa = PBXBuildFile; fileRef = 16A31C391FC5CB1600D7B9A5 /* TICAlignmentPanelView.swift */; };
		16A31C3C1FC5CB4300D7B9A5 /* TICFontPanelView.swift in Sources */ = {isa = PBXBuildFile; fileRef = 16A31C3B1FC5CB4300D7B9A5 /* TICFontPanelView.swift */; };
		16A31C3E1FC5CB7D00D7B9A5 /* TICExtrasPanelView.swift in Sources */ = {isa = PBXBuildFile; fileRef = 16A31C3D1FC5CB7D00D7B9A5 /* TICExtrasPanelView.swift */; };
		16A31C401FC5CB9500D7B9A5 /* TICColorPanelView.swift in Sources */ = {isa = PBXBuildFile; fileRef = 16A31C3F1FC5CB9500D7B9A5 /* TICColorPanelView.swift */; };
		16A680281FD71B7900EA0863 /* nature_1.jpg in Resources */ = {isa = PBXBuildFile; fileRef = 16A680091FD71B7900EA0863 /* nature_1.jpg */; };
		16A680291FD71B7900EA0863 /* nature_2.jpg in Resources */ = {isa = PBXBuildFile; fileRef = 16A6800A1FD71B7900EA0863 /* nature_2.jpg */; };
		16A6802A1FD71B7900EA0863 /* nature_3.jpg in Resources */ = {isa = PBXBuildFile; fileRef = 16A6800B1FD71B7900EA0863 /* nature_3.jpg */; };
		16A6802B1FD71B7900EA0863 /* nature_4.jpg in Resources */ = {isa = PBXBuildFile; fileRef = 16A6800C1FD71B7900EA0863 /* nature_4.jpg */; };
		16A6802C1FD71B7900EA0863 /* nature_5.jpg in Resources */ = {isa = PBXBuildFile; fileRef = 16A6800D1FD71B7900EA0863 /* nature_5.jpg */; };
		16A6802D1FD71B7900EA0863 /* nature_6.jpg in Resources */ = {isa = PBXBuildFile; fileRef = 16A6800E1FD71B7900EA0863 /* nature_6.jpg */; };
		16A6802E1FD71B7900EA0863 /* nature_7.jpg in Resources */ = {isa = PBXBuildFile; fileRef = 16A6800F1FD71B7900EA0863 /* nature_7.jpg */; };
		16A6802F1FD71B7900EA0863 /* nature_8.jpg in Resources */ = {isa = PBXBuildFile; fileRef = 16A680101FD71B7900EA0863 /* nature_8.jpg */; };
		16A680301FD71B7900EA0863 /* thumb_nature_1.jpg in Resources */ = {isa = PBXBuildFile; fileRef = 16A680111FD71B7900EA0863 /* thumb_nature_1.jpg */; };
		16A680311FD71B7900EA0863 /* thumb_nature_2.jpg in Resources */ = {isa = PBXBuildFile; fileRef = 16A680121FD71B7900EA0863 /* thumb_nature_2.jpg */; };
		16A680321FD71B7900EA0863 /* thumb_nature_3.jpg in Resources */ = {isa = PBXBuildFile; fileRef = 16A680131FD71B7900EA0863 /* thumb_nature_3.jpg */; };
		16A680331FD71B7900EA0863 /* thumb_nature_4.jpg in Resources */ = {isa = PBXBuildFile; fileRef = 16A680141FD71B7900EA0863 /* thumb_nature_4.jpg */; };
		16A680341FD71B7900EA0863 /* thumb_nature_5.jpg in Resources */ = {isa = PBXBuildFile; fileRef = 16A680151FD71B7900EA0863 /* thumb_nature_5.jpg */; };
		16A680351FD71B7900EA0863 /* thumb_nature_6.jpg in Resources */ = {isa = PBXBuildFile; fileRef = 16A680161FD71B7900EA0863 /* thumb_nature_6.jpg */; };
		16A680361FD71B7900EA0863 /* thumb_nature_7.jpg in Resources */ = {isa = PBXBuildFile; fileRef = 16A680171FD71B7900EA0863 /* thumb_nature_7.jpg */; };
		16A680371FD71B7900EA0863 /* thumb_nature_8.jpg in Resources */ = {isa = PBXBuildFile; fileRef = 16A680181FD71B7900EA0863 /* thumb_nature_8.jpg */; };
		16A680381FD71B7900EA0863 /* texture_1.jpg in Resources */ = {isa = PBXBuildFile; fileRef = 16A6801A1FD71B7900EA0863 /* texture_1.jpg */; };
		16A680391FD71B7900EA0863 /* texture_2.jpg in Resources */ = {isa = PBXBuildFile; fileRef = 16A6801B1FD71B7900EA0863 /* texture_2.jpg */; };
		16A6803A1FD71B7900EA0863 /* texture_3.jpg in Resources */ = {isa = PBXBuildFile; fileRef = 16A6801C1FD71B7900EA0863 /* texture_3.jpg */; };
		16A6803B1FD71B7900EA0863 /* texture_4.jpg in Resources */ = {isa = PBXBuildFile; fileRef = 16A6801D1FD71B7900EA0863 /* texture_4.jpg */; };
		16A6803C1FD71B7900EA0863 /* texture_5.jpg in Resources */ = {isa = PBXBuildFile; fileRef = 16A6801E1FD71B7900EA0863 /* texture_5.jpg */; };
		16A6803D1FD71B7900EA0863 /* texture_6.jpg in Resources */ = {isa = PBXBuildFile; fileRef = 16A6801F1FD71B7900EA0863 /* texture_6.jpg */; };
		16A6803E1FD71B7900EA0863 /* texture_7.jpg in Resources */ = {isa = PBXBuildFile; fileRef = 16A680201FD71B7900EA0863 /* texture_7.jpg */; };
		16A6803F1FD71B7900EA0863 /* thumb_texture_1.jpg in Resources */ = {isa = PBXBuildFile; fileRef = 16A680211FD71B7900EA0863 /* thumb_texture_1.jpg */; };
		16A680401FD71B7900EA0863 /* thumb_texture_2.jpg in Resources */ = {isa = PBXBuildFile; fileRef = 16A680221FD71B7900EA0863 /* thumb_texture_2.jpg */; };
		16A680411FD71B7900EA0863 /* thumb_texture_3.jpg in Resources */ = {isa = PBXBuildFile; fileRef = 16A680231FD71B7900EA0863 /* thumb_texture_3.jpg */; };
		16A680421FD71B7900EA0863 /* thumb_texture_4.jpg in Resources */ = {isa = PBXBuildFile; fileRef = 16A680241FD71B7900EA0863 /* thumb_texture_4.jpg */; };
		16A680431FD71B7900EA0863 /* thumb_texture_5.jpg in Resources */ = {isa = PBXBuildFile; fileRef = 16A680251FD71B7900EA0863 /* thumb_texture_5.jpg */; };
		16A680441FD71B7900EA0863 /* thumb_texture_6.jpg in Resources */ = {isa = PBXBuildFile; fileRef = 16A680261FD71B7900EA0863 /* thumb_texture_6.jpg */; };
		16A680451FD71B7900EA0863 /* thumb_texture_7.jpg in Resources */ = {isa = PBXBuildFile; fileRef = 16A680271FD71B7900EA0863 /* thumb_texture_7.jpg */; };
		16A680591FD725FE00EA0863 /* composite.html in Resources */ = {isa = PBXBuildFile; fileRef = 16A680481FD725FE00EA0863 /* composite.html */; };
		16A6805A1FD725FE00EA0863 /* jquery-3.2.1.min.js in Resources */ = {isa = PBXBuildFile; fileRef = 16A680491FD725FE00EA0863 /* jquery-3.2.1.min.js */; };
		16A6805B1FD725FE00EA0863 /* align_center@2x.png in Resources */ = {isa = PBXBuildFile; fileRef = 16A6804C1FD725FE00EA0863 /* align_center@2x.png */; };
		16A6805C1FD725FE00EA0863 /* align_justify@2x.png in Resources */ = {isa = PBXBuildFile; fileRef = 16A6804D1FD725FE00EA0863 /* align_justify@2x.png */; };
		16A6805D1FD725FE00EA0863 /* align_left@2x.png in Resources */ = {isa = PBXBuildFile; fileRef = 16A6804E1FD725FE00EA0863 /* align_left@2x.png */; };
		16A6805E1FD725FE00EA0863 /* align_right@2x.png in Resources */ = {isa = PBXBuildFile; fileRef = 16A6804F1FD725FE00EA0863 /* align_right@2x.png */; };
		16A6805F1FD725FE00EA0863 /* alignment@2x.png in Resources */ = {isa = PBXBuildFile; fileRef = 16A680501FD725FE00EA0863 /* alignment@2x.png */; };
		16A680601FD725FE00EA0863 /* check_black.png in Resources */ = {isa = PBXBuildFile; fileRef = 16A680511FD725FE00EA0863 /* check_black.png */; };
		16A680611FD725FE00EA0863 /* check_white.png in Resources */ = {isa = PBXBuildFile; fileRef = 16A680521FD725FE00EA0863 /* check_white.png */; };
		16A680621FD725FE00EA0863 /* close@2x.png in Resources */ = {isa = PBXBuildFile; fileRef = 16A680531FD725FE00EA0863 /* close@2x.png */; };
		16A680631FD725FE00EA0863 /* color@2x.png in Resources */ = {isa = PBXBuildFile; fileRef = 16A680541FD725FE00EA0863 /* color@2x.png */; };
		16A680641FD725FE00EA0863 /* ellipsis@2x.png in Resources */ = {isa = PBXBuildFile; fileRef = 16A680551FD725FE00EA0863 /* ellipsis@2x.png */; };
		16A680651FD725FE00EA0863 /* font@2x.png in Resources */ = {isa = PBXBuildFile; fileRef = 16A680561FD725FE00EA0863 /* font@2x.png */; };
		16A680661FD725FE00EA0863 /* iconmoon@2x.png in Resources */ = {isa = PBXBuildFile; fileRef = 16A680571FD725FE00EA0863 /* iconmoon@2x.png */; };
		16A680671FD725FE00EA0863 /* sliders@2x.png in Resources */ = {isa = PBXBuildFile; fileRef = 16A680581FD725FE00EA0863 /* sliders@2x.png */; };
		16A6806B1FD72F8D00EA0863 /* camera@2x.png in Resources */ = {isa = PBXBuildFile; fileRef = 16A6806A1FD72F8D00EA0863 /* camera@2x.png */; };
		16C7E9DE1FA7B56900B89105 /* AppDelegate.swift in Sources */ = {isa = PBXBuildFile; fileRef = 16C7E9DD1FA7B56900B89105 /* AppDelegate.swift */; };
		16C7E9E01FA7B56900B89105 /* ViewController.swift in Sources */ = {isa = PBXBuildFile; fileRef = 16C7E9DF1FA7B56900B89105 /* ViewController.swift */; };
		16C7E9E31FA7B56900B89105 /* Main.storyboard in Resources */ = {isa = PBXBuildFile; fileRef = 16C7E9E11FA7B56900B89105 /* Main.storyboard */; };
		16C7E9E51FA7B56900B89105 /* Assets.xcassets in Resources */ = {isa = PBXBuildFile; fileRef = 16C7E9E41FA7B56900B89105 /* Assets.xcassets */; };
		16C7E9E81FA7B56900B89105 /* LaunchScreen.storyboard in Resources */ = {isa = PBXBuildFile; fileRef = 16C7E9E61FA7B56900B89105 /* LaunchScreen.storyboard */; };
		16C7EA291FA7B5AD00B89105 /* BlurredImageView.swift in Sources */ = {isa = PBXBuildFile; fileRef = 16C7E9F21FA7B5AD00B89105 /* BlurredImageView.swift */; };
		16C7EA2A1FA7B5AD00B89105 /* BrightnessSlider.swift in Sources */ = {isa = PBXBuildFile; fileRef = 16C7E9F31FA7B5AD00B89105 /* BrightnessSlider.swift */; };
		16C7EA2B1FA7B5AD00B89105 /* CachedImageView.swift in Sources */ = {isa = PBXBuildFile; fileRef = 16C7E9F41FA7B5AD00B89105 /* CachedImageView.swift */; };
		16C7EA2C1FA7B5AD00B89105 /* ColorPicker.swift in Sources */ = {isa = PBXBuildFile; fileRef = 16C7E9F51FA7B5AD00B89105 /* ColorPicker.swift */; };
		16C7EA531FA7B5AD00B89105 /* TIC.storyboard in Resources */ = {isa = PBXBuildFile; fileRef = 16C7EA221FA7B5AD00B89105 /* TIC.storyboard */; };
		16C7EA541FA7B5AD00B89105 /* TICConfig.swift in Sources */ = {isa = PBXBuildFile; fileRef = 16C7EA231FA7B5AD00B89105 /* TICConfig.swift */; };
		16C7EA551FA7B5AD00B89105 /* TICCustomizeViewController.swift in Sources */ = {isa = PBXBuildFile; fileRef = 16C7EA241FA7B5AD00B89105 /* TICCustomizeViewController.swift */; };
		16C7EA561FA7B5AD00B89105 /* TICImageCell.swift in Sources */ = {isa = PBXBuildFile; fileRef = 16C7EA251FA7B5AD00B89105 /* TICImageCell.swift */; };
		16C7EA571FA7B5AD00B89105 /* TICImageSelectionViewController.swift in Sources */ = {isa = PBXBuildFile; fileRef = 16C7EA261FA7B5AD00B89105 /* TICImageSelectionViewController.swift */; };
		16C7EA581FA7B5AD00B89105 /* TICShareViewController.swift in Sources */ = {isa = PBXBuildFile; fileRef = 16C7EA271FA7B5AD00B89105 /* TICShareViewController.swift */; };
/* End PBXBuildFile section */

/* Begin PBXFileReference section */
		161DBC381FBCE54300056CCC /* AndikaNewBasic-B.ttf */ = {isa = PBXFileReference; lastKnownFileType = file; path = "AndikaNewBasic-B.ttf"; sourceTree = "<group>"; };
		161DBC391FBCE54300056CCC /* AndikaNewBasic-BI.ttf */ = {isa = PBXFileReference; lastKnownFileType = file; path = "AndikaNewBasic-BI.ttf"; sourceTree = "<group>"; };
		161DBC3A1FBCE54300056CCC /* AndikaNewBasic-I.ttf */ = {isa = PBXFileReference; lastKnownFileType = file; path = "AndikaNewBasic-I.ttf"; sourceTree = "<group>"; };
		161DBC3B1FBCE54300056CCC /* AndikaNewBasic-R.ttf */ = {isa = PBXFileReference; lastKnownFileType = file; path = "AndikaNewBasic-R.ttf"; sourceTree = "<group>"; };
		16A31C231FC5A70700D7B9A5 /* TICFormatPanelView.swift */ = {isa = PBXFileReference; fileEncoding = 4; lastKnownFileType = sourcecode.swift; path = TICFormatPanelView.swift; sourceTree = "<group>"; };
		16A31C271FC5A93000D7B9A5 /* TICAlignmentPanelView.xib */ = {isa = PBXFileReference; fileEncoding = 4; lastKnownFileType = file.xib; path = TICAlignmentPanelView.xib; sourceTree = "<group>"; };
		16A31C291FC5ADA800D7B9A5 /* UIView+Layout.swift */ = {isa = PBXFileReference; lastKnownFileType = sourcecode.swift; path = "UIView+Layout.swift"; sourceTree = "<group>"; };
		16A31C2B1FC5B15900D7B9A5 /* TICMarginsPanelView.xib */ = {isa = PBXFileReference; fileEncoding = 4; lastKnownFileType = file.xib; path = TICMarginsPanelView.xib; sourceTree = "<group>"; };
		16A31C2C1FC5B15900D7B9A5 /* TICColorPickerPanelView.xib */ = {isa = PBXFileReference; fileEncoding = 4; lastKnownFileType = file.xib; path = TICColorPickerPanelView.xib; sourceTree = "<group>"; };
		16A31C2D1FC5B15900D7B9A5 /* TICFontPanelView.xib */ = {isa = PBXFileReference; fileEncoding = 4; lastKnownFileType = file.xib; path = TICFontPanelView.xib; sourceTree = "<group>"; };
		16A31C2E1FC5B15900D7B9A5 /* TICColorPanelView.xib */ = {isa = PBXFileReference; fileEncoding = 4; lastKnownFileType = file.xib; path = TICColorPanelView.xib; sourceTree = "<group>"; };
		16A31C2F1FC5B15900D7B9A5 /* TICExtrasPanelView.xib */ = {isa = PBXFileReference; fileEncoding = 4; lastKnownFileType = file.xib; path = TICExtrasPanelView.xib; sourceTree = "<group>"; };
		16A31C301FC5B15900D7B9A5 /* TICFontDetailsPanelView.xib */ = {isa = PBXFileReference; fileEncoding = 4; lastKnownFileType = file.xib; path = TICFontDetailsPanelView.xib; sourceTree = "<group>"; };
		16A31C371FC5CAC800D7B9A5 /* UIColor+Hex.swift */ = {isa = PBXFileReference; fileEncoding = 4; lastKnownFileType = sourcecode.swift; path = "UIColor+Hex.swift"; sourceTree = "<group>"; };
		16A31C391FC5CB1600D7B9A5 /* TICAlignmentPanelView.swift */ = {isa = PBXFileReference; lastKnownFileType = sourcecode.swift; path = TICAlignmentPanelView.swift; sourceTree = "<group>"; };
		16A31C3B1FC5CB4300D7B9A5 /* TICFontPanelView.swift */ = {isa = PBXFileReference; lastKnownFileType = sourcecode.swift; path = TICFontPanelView.swift; sourceTree = "<group>"; };
		16A31C3D1FC5CB7D00D7B9A5 /* TICExtrasPanelView.swift */ = {isa = PBXFileReference; lastKnownFileType = sourcecode.swift; path = TICExtrasPanelView.swift; sourceTree = "<group>"; };
		16A31C3F1FC5CB9500D7B9A5 /* TICColorPanelView.swift */ = {isa = PBXFileReference; lastKnownFileType = sourcecode.swift; path = TICColorPanelView.swift; sourceTree = "<group>"; };
		16A680091FD71B7900EA0863 /* nature_1.jpg */ = {isa = PBXFileReference; lastKnownFileType = image.jpeg; path = nature_1.jpg; sourceTree = "<group>"; };
		16A6800A1FD71B7900EA0863 /* nature_2.jpg */ = {isa = PBXFileReference; lastKnownFileType = image.jpeg; path = nature_2.jpg; sourceTree = "<group>"; };
		16A6800B1FD71B7900EA0863 /* nature_3.jpg */ = {isa = PBXFileReference; lastKnownFileType = image.jpeg; path = nature_3.jpg; sourceTree = "<group>"; };
		16A6800C1FD71B7900EA0863 /* nature_4.jpg */ = {isa = PBXFileReference; lastKnownFileType = image.jpeg; path = nature_4.jpg; sourceTree = "<group>"; };
		16A6800D1FD71B7900EA0863 /* nature_5.jpg */ = {isa = PBXFileReference; lastKnownFileType = image.jpeg; path = nature_5.jpg; sourceTree = "<group>"; };
		16A6800E1FD71B7900EA0863 /* nature_6.jpg */ = {isa = PBXFileReference; lastKnownFileType = image.jpeg; path = nature_6.jpg; sourceTree = "<group>"; };
		16A6800F1FD71B7900EA0863 /* nature_7.jpg */ = {isa = PBXFileReference; lastKnownFileType = image.jpeg; path = nature_7.jpg; sourceTree = "<group>"; };
		16A680101FD71B7900EA0863 /* nature_8.jpg */ = {isa = PBXFileReference; lastKnownFileType = image.jpeg; path = nature_8.jpg; sourceTree = "<group>"; };
		16A680111FD71B7900EA0863 /* thumb_nature_1.jpg */ = {isa = PBXFileReference; lastKnownFileType = image.jpeg; path = thumb_nature_1.jpg; sourceTree = "<group>"; };
		16A680121FD71B7900EA0863 /* thumb_nature_2.jpg */ = {isa = PBXFileReference; lastKnownFileType = image.jpeg; path = thumb_nature_2.jpg; sourceTree = "<group>"; };
		16A680131FD71B7900EA0863 /* thumb_nature_3.jpg */ = {isa = PBXFileReference; lastKnownFileType = image.jpeg; path = thumb_nature_3.jpg; sourceTree = "<group>"; };
		16A680141FD71B7900EA0863 /* thumb_nature_4.jpg */ = {isa = PBXFileReference; lastKnownFileType = image.jpeg; path = thumb_nature_4.jpg; sourceTree = "<group>"; };
		16A680151FD71B7900EA0863 /* thumb_nature_5.jpg */ = {isa = PBXFileReference; lastKnownFileType = image.jpeg; path = thumb_nature_5.jpg; sourceTree = "<group>"; };
		16A680161FD71B7900EA0863 /* thumb_nature_6.jpg */ = {isa = PBXFileReference; lastKnownFileType = image.jpeg; path = thumb_nature_6.jpg; sourceTree = "<group>"; };
		16A680171FD71B7900EA0863 /* thumb_nature_7.jpg */ = {isa = PBXFileReference; lastKnownFileType = image.jpeg; path = thumb_nature_7.jpg; sourceTree = "<group>"; };
		16A680181FD71B7900EA0863 /* thumb_nature_8.jpg */ = {isa = PBXFileReference; lastKnownFileType = image.jpeg; path = thumb_nature_8.jpg; sourceTree = "<group>"; };
		16A6801A1FD71B7900EA0863 /* texture_1.jpg */ = {isa = PBXFileReference; lastKnownFileType = image.jpeg; path = texture_1.jpg; sourceTree = "<group>"; };
		16A6801B1FD71B7900EA0863 /* texture_2.jpg */ = {isa = PBXFileReference; lastKnownFileType = image.jpeg; path = texture_2.jpg; sourceTree = "<group>"; };
		16A6801C1FD71B7900EA0863 /* texture_3.jpg */ = {isa = PBXFileReference; lastKnownFileType = image.jpeg; path = texture_3.jpg; sourceTree = "<group>"; };
		16A6801D1FD71B7900EA0863 /* texture_4.jpg */ = {isa = PBXFileReference; lastKnownFileType = image.jpeg; path = texture_4.jpg; sourceTree = "<group>"; };
		16A6801E1FD71B7900EA0863 /* texture_5.jpg */ = {isa = PBXFileReference; lastKnownFileType = image.jpeg; path = texture_5.jpg; sourceTree = "<group>"; };
		16A6801F1FD71B7900EA0863 /* texture_6.jpg */ = {isa = PBXFileReference; lastKnownFileType = image.jpeg; path = texture_6.jpg; sourceTree = "<group>"; };
		16A680201FD71B7900EA0863 /* texture_7.jpg */ = {isa = PBXFileReference; lastKnownFileType = image.jpeg; path = texture_7.jpg; sourceTree = "<group>"; };
		16A680211FD71B7900EA0863 /* thumb_texture_1.jpg */ = {isa = PBXFileReference; lastKnownFileType = image.jpeg; path = thumb_texture_1.jpg; sourceTree = "<group>"; };
		16A680221FD71B7900EA0863 /* thumb_texture_2.jpg */ = {isa = PBXFileReference; lastKnownFileType = image.jpeg; path = thumb_texture_2.jpg; sourceTree = "<group>"; };
		16A680231FD71B7900EA0863 /* thumb_texture_3.jpg */ = {isa = PBXFileReference; lastKnownFileType = image.jpeg; path = thumb_texture_3.jpg; sourceTree = "<group>"; };
		16A680241FD71B7900EA0863 /* thumb_texture_4.jpg */ = {isa = PBXFileReference; lastKnownFileType = image.jpeg; path = thumb_texture_4.jpg; sourceTree = "<group>"; };
		16A680251FD71B7900EA0863 /* thumb_texture_5.jpg */ = {isa = PBXFileReference; lastKnownFileType = image.jpeg; path = thumb_texture_5.jpg; sourceTree = "<group>"; };
		16A680261FD71B7900EA0863 /* thumb_texture_6.jpg */ = {isa = PBXFileReference; lastKnownFileType = image.jpeg; path = thumb_texture_6.jpg; sourceTree = "<group>"; };
		16A680271FD71B7900EA0863 /* thumb_texture_7.jpg */ = {isa = PBXFileReference; lastKnownFileType = image.jpeg; path = thumb_texture_7.jpg; sourceTree = "<group>"; };
		16A680481FD725FE00EA0863 /* composite.html */ = {isa = PBXFileReference; fileEncoding = 4; lastKnownFileType = text.html; path = composite.html; sourceTree = "<group>"; };
		16A680491FD725FE00EA0863 /* jquery-3.2.1.min.js */ = {isa = PBXFileReference; fileEncoding = 4; lastKnownFileType = sourcecode.javascript; path = "jquery-3.2.1.min.js"; sourceTree = "<group>"; };
		16A6804C1FD725FE00EA0863 /* align_center@2x.png */ = {isa = PBXFileReference; lastKnownFileType = image.png; path = "align_center@2x.png"; sourceTree = "<group>"; };
		16A6804D1FD725FE00EA0863 /* align_justify@2x.png */ = {isa = PBXFileReference; lastKnownFileType = image.png; path = "align_justify@2x.png"; sourceTree = "<group>"; };
		16A6804E1FD725FE00EA0863 /* align_left@2x.png */ = {isa = PBXFileReference; lastKnownFileType = image.png; path = "align_left@2x.png"; sourceTree = "<group>"; };
		16A6804F1FD725FE00EA0863 /* align_right@2x.png */ = {isa = PBXFileReference; lastKnownFileType = image.png; path = "align_right@2x.png"; sourceTree = "<group>"; };
		16A680501FD725FE00EA0863 /* alignment@2x.png */ = {isa = PBXFileReference; lastKnownFileType = image.png; path = "alignment@2x.png"; sourceTree = "<group>"; };
		16A680511FD725FE00EA0863 /* check_black.png */ = {isa = PBXFileReference; lastKnownFileType = image.png; path = check_black.png; sourceTree = "<group>"; };
		16A680521FD725FE00EA0863 /* check_white.png */ = {isa = PBXFileReference; lastKnownFileType = image.png; path = check_white.png; sourceTree = "<group>"; };
		16A680531FD725FE00EA0863 /* close@2x.png */ = {isa = PBXFileReference; lastKnownFileType = image.png; path = "close@2x.png"; sourceTree = "<group>"; };
		16A680541FD725FE00EA0863 /* color@2x.png */ = {isa = PBXFileReference; lastKnownFileType = image.png; path = "color@2x.png"; sourceTree = "<group>"; };
		16A680551FD725FE00EA0863 /* ellipsis@2x.png */ = {isa = PBXFileReference; lastKnownFileType = image.png; path = "ellipsis@2x.png"; sourceTree = "<group>"; };
		16A680561FD725FE00EA0863 /* font@2x.png */ = {isa = PBXFileReference; lastKnownFileType = image.png; path = "font@2x.png"; sourceTree = "<group>"; };
		16A680571FD725FE00EA0863 /* iconmoon@2x.png */ = {isa = PBXFileReference; lastKnownFileType = image.png; path = "iconmoon@2x.png"; sourceTree = "<group>"; };
		16A680581FD725FE00EA0863 /* sliders@2x.png */ = {isa = PBXFileReference; lastKnownFileType = image.png; path = "sliders@2x.png"; sourceTree = "<group>"; };
		16A6806A1FD72F8D00EA0863 /* camera@2x.png */ = {isa = PBXFileReference; lastKnownFileType = image.png; path = "camera@2x.png"; sourceTree = "<group>"; };
		16C7E9DA1FA7B56900B89105 /* TICExample.app */ = {isa = PBXFileReference; explicitFileType = wrapper.application; includeInIndex = 0; path = TICExample.app; sourceTree = BUILT_PRODUCTS_DIR; };
		16C7E9DD1FA7B56900B89105 /* AppDelegate.swift */ = {isa = PBXFileReference; lastKnownFileType = sourcecode.swift; path = AppDelegate.swift; sourceTree = "<group>"; };
		16C7E9DF1FA7B56900B89105 /* ViewController.swift */ = {isa = PBXFileReference; lastKnownFileType = sourcecode.swift; path = ViewController.swift; sourceTree = "<group>"; };
		16C7E9E21FA7B56900B89105 /* Base */ = {isa = PBXFileReference; lastKnownFileType = file.storyboard; name = Base; path = Base.lproj/Main.storyboard; sourceTree = "<group>"; };
		16C7E9E41FA7B56900B89105 /* Assets.xcassets */ = {isa = PBXFileReference; lastKnownFileType = folder.assetcatalog; path = Assets.xcassets; sourceTree = "<group>"; };
		16C7E9E71FA7B56900B89105 /* Base */ = {isa = PBXFileReference; lastKnownFileType = file.storyboard; name = Base; path = Base.lproj/LaunchScreen.storyboard; sourceTree = "<group>"; };
		16C7E9E91FA7B56900B89105 /* Info.plist */ = {isa = PBXFileReference; lastKnownFileType = text.plist.xml; path = Info.plist; sourceTree = "<group>"; };
		16C7E9F21FA7B5AD00B89105 /* BlurredImageView.swift */ = {isa = PBXFileReference; fileEncoding = 4; lastKnownFileType = sourcecode.swift; path = BlurredImageView.swift; sourceTree = "<group>"; };
		16C7E9F31FA7B5AD00B89105 /* BrightnessSlider.swift */ = {isa = PBXFileReference; fileEncoding = 4; lastKnownFileType = sourcecode.swift; path = BrightnessSlider.swift; sourceTree = "<group>"; };
		16C7E9F41FA7B5AD00B89105 /* CachedImageView.swift */ = {isa = PBXFileReference; fileEncoding = 4; lastKnownFileType = sourcecode.swift; path = CachedImageView.swift; sourceTree = "<group>"; };
		16C7E9F51FA7B5AD00B89105 /* ColorPicker.swift */ = {isa = PBXFileReference; fileEncoding = 4; lastKnownFileType = sourcecode.swift; path = ColorPicker.swift; sourceTree = "<group>"; };
		16C7EA221FA7B5AD00B89105 /* TIC.storyboard */ = {isa = PBXFileReference; fileEncoding = 4; lastKnownFileType = file.storyboard; path = TIC.storyboard; sourceTree = "<group>"; };
		16C7EA231FA7B5AD00B89105 /* TICConfig.swift */ = {isa = PBXFileReference; fileEncoding = 4; lastKnownFileType = sourcecode.swift; path = TICConfig.swift; sourceTree = "<group>"; };
		16C7EA241FA7B5AD00B89105 /* TICCustomizeViewController.swift */ = {isa = PBXFileReference; fileEncoding = 4; lastKnownFileType = sourcecode.swift; path = TICCustomizeViewController.swift; sourceTree = "<group>"; };
		16C7EA251FA7B5AD00B89105 /* TICImageCell.swift */ = {isa = PBXFileReference; fileEncoding = 4; lastKnownFileType = sourcecode.swift; path = TICImageCell.swift; sourceTree = "<group>"; };
		16C7EA261FA7B5AD00B89105 /* TICImageSelectionViewController.swift */ = {isa = PBXFileReference; fileEncoding = 4; lastKnownFileType = sourcecode.swift; path = TICImageSelectionViewController.swift; sourceTree = "<group>"; };
		16C7EA271FA7B5AD00B89105 /* TICShareViewController.swift */ = {isa = PBXFileReference; fileEncoding = 4; lastKnownFileType = sourcecode.swift; path = TICShareViewController.swift; sourceTree = "<group>"; };
/* End PBXFileReference section */

/* Begin PBXFrameworksBuildPhase section */
		16C7E9D71FA7B56900B89105 /* Frameworks */ = {
			isa = PBXFrameworksBuildPhase;
			buildActionMask = 2147483647;
			files = (
			);
			runOnlyForDeploymentPostprocessing = 0;
		};
/* End PBXFrameworksBuildPhase section */

/* Begin PBXGroup section */
		161DBC361FBCE54300056CCC /* Resources */ = {
			isa = PBXGroup;
			children = (
				16A680071FD71B7900EA0863 /* Images */,
				161DBC371FBCE54300056CCC /* Fonts */,
			);
			path = Resources;
			sourceTree = "<group>";
		};
		161DBC371FBCE54300056CCC /* Fonts */ = {
			isa = PBXGroup;
			children = (
				161DBC381FBCE54300056CCC /* AndikaNewBasic-B.ttf */,
				161DBC391FBCE54300056CCC /* AndikaNewBasic-BI.ttf */,
				161DBC3A1FBCE54300056CCC /* AndikaNewBasic-I.ttf */,
				161DBC3B1FBCE54300056CCC /* AndikaNewBasic-R.ttf */,
			);
			path = Fonts;
			sourceTree = "<group>";
		};
		16A31C1E1FC5A6F600D7B9A5 /* XIB */ = {
			isa = PBXGroup;
			children = (
				16A31C271FC5A93000D7B9A5 /* TICAlignmentPanelView.xib */,
				16A31C2B1FC5B15900D7B9A5 /* TICMarginsPanelView.xib */,
				16A31C2F1FC5B15900D7B9A5 /* TICExtrasPanelView.xib */,
				16A31C2E1FC5B15900D7B9A5 /* TICColorPanelView.xib */,
				16A31C2C1FC5B15900D7B9A5 /* TICColorPickerPanelView.xib */,
				16A31C301FC5B15900D7B9A5 /* TICFontDetailsPanelView.xib */,
				16A31C2D1FC5B15900D7B9A5 /* TICFontPanelView.xib */,
			);
			path = XIB;
			sourceTree = "<group>";
		};
		16A680071FD71B7900EA0863 /* Images */ = {
			isa = PBXGroup;
			children = (
				16A680081FD71B7900EA0863 /* nature */,
				16A680191FD71B7900EA0863 /* texture */,
			);
			path = Images;
			sourceTree = "<group>";
		};
		16A680081FD71B7900EA0863 /* nature */ = {
			isa = PBXGroup;
			children = (
				16A680091FD71B7900EA0863 /* nature_1.jpg */,
				16A6800A1FD71B7900EA0863 /* nature_2.jpg */,
				16A6800B1FD71B7900EA0863 /* nature_3.jpg */,
				16A6800C1FD71B7900EA0863 /* nature_4.jpg */,
				16A6800D1FD71B7900EA0863 /* nature_5.jpg */,
				16A6800E1FD71B7900EA0863 /* nature_6.jpg */,
				16A6800F1FD71B7900EA0863 /* nature_7.jpg */,
				16A680101FD71B7900EA0863 /* nature_8.jpg */,
				16A680111FD71B7900EA0863 /* thumb_nature_1.jpg */,
				16A680121FD71B7900EA0863 /* thumb_nature_2.jpg */,
				16A680131FD71B7900EA0863 /* thumb_nature_3.jpg */,
				16A680141FD71B7900EA0863 /* thumb_nature_4.jpg */,
				16A680151FD71B7900EA0863 /* thumb_nature_5.jpg */,
				16A680161FD71B7900EA0863 /* thumb_nature_6.jpg */,
				16A680171FD71B7900EA0863 /* thumb_nature_7.jpg */,
				16A680181FD71B7900EA0863 /* thumb_nature_8.jpg */,
			);
			path = nature;
			sourceTree = "<group>";
		};
		16A680191FD71B7900EA0863 /* texture */ = {
			isa = PBXGroup;
			children = (
				16A6801A1FD71B7900EA0863 /* texture_1.jpg */,
				16A6801B1FD71B7900EA0863 /* texture_2.jpg */,
				16A6801C1FD71B7900EA0863 /* texture_3.jpg */,
				16A6801D1FD71B7900EA0863 /* texture_4.jpg */,
				16A6801E1FD71B7900EA0863 /* texture_5.jpg */,
				16A6801F1FD71B7900EA0863 /* texture_6.jpg */,
				16A680201FD71B7900EA0863 /* texture_7.jpg */,
				16A680211FD71B7900EA0863 /* thumb_texture_1.jpg */,
				16A680221FD71B7900EA0863 /* thumb_texture_2.jpg */,
				16A680231FD71B7900EA0863 /* thumb_texture_3.jpg */,
				16A680241FD71B7900EA0863 /* thumb_texture_4.jpg */,
				16A680251FD71B7900EA0863 /* thumb_texture_5.jpg */,
				16A680261FD71B7900EA0863 /* thumb_texture_6.jpg */,
				16A680271FD71B7900EA0863 /* thumb_texture_7.jpg */,
			);
			path = texture;
			sourceTree = "<group>";
		};
		16A680461FD725FE00EA0863 /* Resources */ = {
			isa = PBXGroup;
			children = (
				16A680471FD725FE00EA0863 /* HTML */,
				16A6804A1FD725FE00EA0863 /* Images */,
			);
			path = Resources;
			sourceTree = "<group>";
		};
		16A680471FD725FE00EA0863 /* HTML */ = {
			isa = PBXGroup;
			children = (
				16A680481FD725FE00EA0863 /* composite.html */,
				16A680491FD725FE00EA0863 /* jquery-3.2.1.min.js */,
			);
			path = HTML;
			sourceTree = "<group>";
		};
		16A6804A1FD725FE00EA0863 /* Images */ = {
			isa = PBXGroup;
			children = (
				16A6804B1FD725FE00EA0863 /* icons */,
			);
			path = Images;
			sourceTree = "<group>";
		};
		16A6804B1FD725FE00EA0863 /* icons */ = {
			isa = PBXGroup;
			children = (
				16A6804C1FD725FE00EA0863 /* align_center@2x.png */,
				16A6804D1FD725FE00EA0863 /* align_justify@2x.png */,
				16A6804E1FD725FE00EA0863 /* align_left@2x.png */,
				16A6804F1FD725FE00EA0863 /* align_right@2x.png */,
				16A680501FD725FE00EA0863 /* alignment@2x.png */,
				16A6806A1FD72F8D00EA0863 /* camera@2x.png */,
				16A680511FD725FE00EA0863 /* check_black.png */,
				16A680521FD725FE00EA0863 /* check_white.png */,
				16A680531FD725FE00EA0863 /* close@2x.png */,
				16A680541FD725FE00EA0863 /* color@2x.png */,
				16A680551FD725FE00EA0863 /* ellipsis@2x.png */,
				16A680561FD725FE00EA0863 /* font@2x.png */,
				16A680571FD725FE00EA0863 /* iconmoon@2x.png */,
				16A680581FD725FE00EA0863 /* sliders@2x.png */,
			);
			path = icons;
			sourceTree = "<group>";
		};
		16C7E9D11FA7B56900B89105 = {
			isa = PBXGroup;
			children = (
				16C7E9EF1FA7B5AD00B89105 /* TextImageComposite */,
				16C7E9DC1FA7B56900B89105 /* TICExample */,
				16C7E9DB1FA7B56900B89105 /* Products */,
			);
			sourceTree = "<group>";
		};
		16C7E9DB1FA7B56900B89105 /* Products */ = {
			isa = PBXGroup;
			children = (
				16C7E9DA1FA7B56900B89105 /* TICExample.app */,
			);
			name = Products;
			sourceTree = "<group>";
		};
		16C7E9DC1FA7B56900B89105 /* TICExample */ = {
			isa = PBXGroup;
			children = (
				161DBC361FBCE54300056CCC /* Resources */,
				16C7E9DD1FA7B56900B89105 /* AppDelegate.swift */,
				16C7E9DF1FA7B56900B89105 /* ViewController.swift */,
				16C7E9E11FA7B56900B89105 /* Main.storyboard */,
				16C7E9E41FA7B56900B89105 /* Assets.xcassets */,
				16C7E9E61FA7B56900B89105 /* LaunchScreen.storyboard */,
				16C7E9E91FA7B56900B89105 /* Info.plist */,
			);
			path = TICExample;
			sourceTree = "<group>";
		};
		16C7E9EF1FA7B5AD00B89105 /* TextImageComposite */ = {
			isa = PBXGroup;
			children = (
				16A680461FD725FE00EA0863 /* Resources */,
				16C7E9F01FA7B5AD00B89105 /* Lib */,
				16A31C1E1FC5A6F600D7B9A5 /* XIB */,
				16C7EA221FA7B5AD00B89105 /* TIC.storyboard */,
				16C7EA231FA7B5AD00B89105 /* TICConfig.swift */,
				16C7EA241FA7B5AD00B89105 /* TICCustomizeViewController.swift */,
				16C7EA251FA7B5AD00B89105 /* TICImageCell.swift */,
				16C7EA261FA7B5AD00B89105 /* TICImageSelectionViewController.swift */,
				16C7EA271FA7B5AD00B89105 /* TICShareViewController.swift */,
				16A31C231FC5A70700D7B9A5 /* TICFormatPanelView.swift */,
				16A31C391FC5CB1600D7B9A5 /* TICAlignmentPanelView.swift */,
				16A31C3B1FC5CB4300D7B9A5 /* TICFontPanelView.swift */,
				16A31C3D1FC5CB7D00D7B9A5 /* TICExtrasPanelView.swift */,
				16A31C3F1FC5CB9500D7B9A5 /* TICColorPanelView.swift */,
			);
			path = TextImageComposite;
			sourceTree = SOURCE_ROOT;
		};
		16C7E9F01FA7B5AD00B89105 /* Lib */ = {
			isa = PBXGroup;
			children = (
				16C7E9F11FA7B5AD00B89105 /* ElevenK */,
			);
			path = Lib;
			sourceTree = "<group>";
		};
		16C7E9F11FA7B5AD00B89105 /* ElevenK */ = {
			isa = PBXGroup;
			children = (
				16C7E9F21FA7B5AD00B89105 /* BlurredImageView.swift */,
				16C7E9F31FA7B5AD00B89105 /* BrightnessSlider.swift */,
				16C7E9F41FA7B5AD00B89105 /* CachedImageView.swift */,
				16C7E9F51FA7B5AD00B89105 /* ColorPicker.swift */,
				16A31C291FC5ADA800D7B9A5 /* UIView+Layout.swift */,
				16A31C371FC5CAC800D7B9A5 /* UIColor+Hex.swift */,
			);
			path = ElevenK;
			sourceTree = "<group>";
		};
/* End PBXGroup section */

/* Begin PBXNativeTarget section */
		16C7E9D91FA7B56900B89105 /* TICExample */ = {
			isa = PBXNativeTarget;
			buildConfigurationList = 16C7E9EC1FA7B56900B89105 /* Build configuration list for PBXNativeTarget "TICExample" */;
			buildPhases = (
				16C7E9D61FA7B56900B89105 /* Sources */,
				16C7E9D71FA7B56900B89105 /* Frameworks */,
				16C7E9D81FA7B56900B89105 /* Resources */,
			);
			buildRules = (
			);
			dependencies = (
			);
			name = TICExample;
			productName = TICExample;
			productReference = 16C7E9DA1FA7B56900B89105 /* TICExample.app */;
			productType = "com.apple.product-type.application";
		};
/* End PBXNativeTarget section */

/* Begin PBXProject section */
		16C7E9D21FA7B56900B89105 /* Project object */ = {
			isa = PBXProject;
			attributes = {
				LastSwiftUpdateCheck = 0900;
				LastUpgradeCheck = 0900;
				ORGANIZATIONNAME = SIL;
				TargetAttributes = {
					16C7E9D91FA7B56900B89105 = {
						CreatedOnToolsVersion = 9.0.1;
						LastSwiftMigration = 1200;
						ProvisioningStyle = Automatic;
					};
				};
			};
			buildConfigurationList = 16C7E9D51FA7B56900B89105 /* Build configuration list for PBXProject "TICExample" */;
			compatibilityVersion = "Xcode 8.0";
			developmentRegion = en;
			hasScannedForEncodings = 0;
			knownRegions = (
				en,
				Base,
			);
			mainGroup = 16C7E9D11FA7B56900B89105;
			productRefGroup = 16C7E9DB1FA7B56900B89105 /* Products */;
			projectDirPath = "";
			projectRoot = "";
			targets = (
				16C7E9D91FA7B56900B89105 /* TICExample */,
			);
		};
/* End PBXProject section */

/* Begin PBXResourcesBuildPhase section */
		16C7E9D81FA7B56900B89105 /* Resources */ = {
			isa = PBXResourcesBuildPhase;
			buildActionMask = 2147483647;
			files = (
				16A680641FD725FE00EA0863 /* ellipsis@2x.png in Resources */,
				16A6802B1FD71B7900EA0863 /* nature_4.jpg in Resources */,
				16A31C361FC5B15A00D7B9A5 /* TICFontDetailsPanelView.xib in Resources */,
				16A31C351FC5B15A00D7B9A5 /* TICExtrasPanelView.xib in Resources */,
				16C7E9E81FA7B56900B89105 /* LaunchScreen.storyboard in Resources */,
				16A31C281FC5A93000D7B9A5 /* TICAlignmentPanelView.xib in Resources */,
				16A680411FD71B7900EA0863 /* thumb_texture_3.jpg in Resources */,
				16A6803C1FD71B7900EA0863 /* texture_5.jpg in Resources */,
				16A6806B1FD72F8D00EA0863 /* camera@2x.png in Resources */,
				16A6803A1FD71B7900EA0863 /* texture_3.jpg in Resources */,
				16A680631FD725FE00EA0863 /* color@2x.png in Resources */,
				16C7E9E51FA7B56900B89105 /* Assets.xcassets in Resources */,
				16A31C331FC5B15A00D7B9A5 /* TICFontPanelView.xib in Resources */,
				16A680621FD725FE00EA0863 /* close@2x.png in Resources */,
				16A6805C1FD725FE00EA0863 /* align_justify@2x.png in Resources */,
				16A6805D1FD725FE00EA0863 /* align_left@2x.png in Resources */,
				16A6805F1FD725FE00EA0863 /* alignment@2x.png in Resources */,
				161DBC3F1FBCE54300056CCC /* AndikaNewBasic-R.ttf in Resources */,
				16C7EA531FA7B5AD00B89105 /* TIC.storyboard in Resources */,
				16A6803D1FD71B7900EA0863 /* texture_6.jpg in Resources */,
				16A680291FD71B7900EA0863 /* nature_2.jpg in Resources */,
				161DBC3C1FBCE54300056CCC /* AndikaNewBasic-B.ttf in Resources */,
				16A680391FD71B7900EA0863 /* texture_2.jpg in Resources */,
				16A680341FD71B7900EA0863 /* thumb_nature_5.jpg in Resources */,
				16A680451FD71B7900EA0863 /* thumb_texture_7.jpg in Resources */,
				16C7E9E31FA7B56900B89105 /* Main.storyboard in Resources */,
				16A6805A1FD725FE00EA0863 /* jquery-3.2.1.min.js in Resources */,
				16A6802E1FD71B7900EA0863 /* nature_7.jpg in Resources */,
				16A680351FD71B7900EA0863 /* thumb_nature_6.jpg in Resources */,
				16A680281FD71B7900EA0863 /* nature_1.jpg in Resources */,
				16A6803F1FD71B7900EA0863 /* thumb_texture_1.jpg in Resources */,
				161DBC3E1FBCE54300056CCC /* AndikaNewBasic-I.ttf in Resources */,
				16A680431FD71B7900EA0863 /* thumb_texture_5.jpg in Resources */,
				16A680301FD71B7900EA0863 /* thumb_nature_1.jpg in Resources */,
				16A680651FD725FE00EA0863 /* font@2x.png in Resources */,
				16A680661FD725FE00EA0863 /* iconmoon@2x.png in Resources */,
				16A6802D1FD71B7900EA0863 /* nature_6.jpg in Resources */,
				16A6802C1FD71B7900EA0863 /* nature_5.jpg in Resources */,
				16A31C321FC5B15A00D7B9A5 /* TICColorPickerPanelView.xib in Resources */,
				16A680601FD725FE00EA0863 /* check_black.png in Resources */,
				16A6805E1FD725FE00EA0863 /* align_right@2x.png in Resources */,
				16A6802A1FD71B7900EA0863 /* nature_3.jpg in Resources */,
				16A680401FD71B7900EA0863 /* thumb_texture_2.jpg in Resources */,
				16A6803B1FD71B7900EA0863 /* texture_4.jpg in Resources */,
				16A680591FD725FE00EA0863 /* composite.html in Resources */,
				16A680441FD71B7900EA0863 /* thumb_texture_6.jpg in Resources */,
				16A31C341FC5B15A00D7B9A5 /* TICColorPanelView.xib in Resources */,
				16A680331FD71B7900EA0863 /* thumb_nature_4.jpg in Resources */,
				16A680611FD725FE00EA0863 /* check_white.png in Resources */,
				16A6802F1FD71B7900EA0863 /* nature_8.jpg in Resources */,
				16A680311FD71B7900EA0863 /* thumb_nature_2.jpg in Resources */,
				16A680321FD71B7900EA0863 /* thumb_nature_3.jpg in Resources */,
				16A680361FD71B7900EA0863 /* thumb_nature_7.jpg in Resources */,
				16A680371FD71B7900EA0863 /* thumb_nature_8.jpg in Resources */,
				16A680671FD725FE00EA0863 /* sliders@2x.png in Resources */,
				16A680381FD71B7900EA0863 /* texture_1.jpg in Resources */,
				16A6805B1FD725FE00EA0863 /* align_center@2x.png in Resources */,
				16A6803E1FD71B7900EA0863 /* texture_7.jpg in Resources */,
				161DBC3D1FBCE54300056CCC /* AndikaNewBasic-BI.ttf in Resources */,
				16A31C311FC5B15A00D7B9A5 /* TICMarginsPanelView.xib in Resources */,
				16A680421FD71B7900EA0863 /* thumb_texture_4.jpg in Resources */,
			);
			runOnlyForDeploymentPostprocessing = 0;
		};
/* End PBXResourcesBuildPhase section */

/* Begin PBXSourcesBuildPhase section */
		16C7E9D61FA7B56900B89105 /* Sources */ = {
			isa = PBXSourcesBuildPhase;
			buildActionMask = 2147483647;
			files = (
				16C7EA571FA7B5AD00B89105 /* TICImageSelectionViewController.swift in Sources */,
				16C7EA581FA7B5AD00B89105 /* TICShareViewController.swift in Sources */,
				16C7E9E01FA7B56900B89105 /* ViewController.swift in Sources */,
				16A31C3C1FC5CB4300D7B9A5 /* TICFontPanelView.swift in Sources */,
				16A31C241FC5A70800D7B9A5 /* TICFormatPanelView.swift in Sources */,
				16C7EA2A1FA7B5AD00B89105 /* BrightnessSlider.swift in Sources */,
				16C7EA551FA7B5AD00B89105 /* TICCustomizeViewController.swift in Sources */,
				16C7EA2B1FA7B5AD00B89105 /* CachedImageView.swift in Sources */,
				16A31C381FC5CAC800D7B9A5 /* UIColor+Hex.swift in Sources */,
				16C7EA291FA7B5AD00B89105 /* BlurredImageView.swift in Sources */,
				16C7E9DE1FA7B56900B89105 /* AppDelegate.swift in Sources */,
				16A31C3A1FC5CB1600D7B9A5 /* TICAlignmentPanelView.swift in Sources */,
				16C7EA561FA7B5AD00B89105 /* TICImageCell.swift in Sources */,
				16C7EA541FA7B5AD00B89105 /* TICConfig.swift in Sources */,
				16A31C401FC5CB9500D7B9A5 /* TICColorPanelView.swift in Sources */,
				16A31C2A1FC5ADA800D7B9A5 /* UIView+Layout.swift in Sources */,
				16A31C3E1FC5CB7D00D7B9A5 /* TICExtrasPanelView.swift in Sources */,
				16C7EA2C1FA7B5AD00B89105 /* ColorPicker.swift in Sources */,
			);
			runOnlyForDeploymentPostprocessing = 0;
		};
/* End PBXSourcesBuildPhase section */

/* Begin PBXVariantGroup section */
		16C7E9E11FA7B56900B89105 /* Main.storyboard */ = {
			isa = PBXVariantGroup;
			children = (
				16C7E9E21FA7B56900B89105 /* Base */,
			);
			name = Main.storyboard;
			sourceTree = "<group>";
		};
		16C7E9E61FA7B56900B89105 /* LaunchScreen.storyboard */ = {
			isa = PBXVariantGroup;
			children = (
				16C7E9E71FA7B56900B89105 /* Base */,
			);
			name = LaunchScreen.storyboard;
			sourceTree = "<group>";
		};
/* End PBXVariantGroup section */

/* Begin XCBuildConfiguration section */
		16C7E9EA1FA7B56900B89105 /* Debug */ = {
			isa = XCBuildConfiguration;
			buildSettings = {
				ALWAYS_SEARCH_USER_PATHS = NO;
				CLANG_ANALYZER_NONNULL = YES;
				CLANG_ANALYZER_NUMBER_OBJECT_CONVERSION = YES_AGGRESSIVE;
				CLANG_CXX_LANGUAGE_STANDARD = "gnu++14";
				CLANG_CXX_LIBRARY = "libc++";
				CLANG_ENABLE_MODULES = YES;
				CLANG_ENABLE_OBJC_ARC = YES;
				CLANG_WARN_BLOCK_CAPTURE_AUTORELEASING = YES;
				CLANG_WARN_BOOL_CONVERSION = YES;
				CLANG_WARN_COMMA = YES;
				CLANG_WARN_CONSTANT_CONVERSION = YES;
				CLANG_WARN_DIRECT_OBJC_ISA_USAGE = YES_ERROR;
				CLANG_WARN_DOCUMENTATION_COMMENTS = YES;
				CLANG_WARN_EMPTY_BODY = YES;
				CLANG_WARN_ENUM_CONVERSION = YES;
				CLANG_WARN_INFINITE_RECURSION = YES;
				CLANG_WARN_INT_CONVERSION = YES;
				CLANG_WARN_NON_LITERAL_NULL_CONVERSION = YES;
				CLANG_WARN_OBJC_LITERAL_CONVERSION = YES;
				CLANG_WARN_OBJC_ROOT_CLASS = YES_ERROR;
				CLANG_WARN_RANGE_LOOP_ANALYSIS = YES;
				CLANG_WARN_STRICT_PROTOTYPES = YES;
				CLANG_WARN_SUSPICIOUS_MOVE = YES;
				CLANG_WARN_UNGUARDED_AVAILABILITY = YES_AGGRESSIVE;
				CLANG_WARN_UNREACHABLE_CODE = YES;
				CLANG_WARN__DUPLICATE_METHOD_MATCH = YES;
				CODE_SIGN_IDENTITY = "iPhone Developer";
				COPY_PHASE_STRIP = NO;
				DEBUG_INFORMATION_FORMAT = dwarf;
				ENABLE_STRICT_OBJC_MSGSEND = YES;
				ENABLE_TESTABILITY = YES;
				GCC_C_LANGUAGE_STANDARD = gnu11;
				GCC_DYNAMIC_NO_PIC = NO;
				GCC_NO_COMMON_BLOCKS = YES;
				GCC_OPTIMIZATION_LEVEL = 0;
				GCC_PREPROCESSOR_DEFINITIONS = (
					"DEBUG=1",
					"$(inherited)",
				);
				GCC_WARN_64_TO_32_BIT_CONVERSION = YES;
				GCC_WARN_ABOUT_RETURN_TYPE = YES_ERROR;
				GCC_WARN_UNDECLARED_SELECTOR = YES;
				GCC_WARN_UNINITIALIZED_AUTOS = YES_AGGRESSIVE;
				GCC_WARN_UNUSED_FUNCTION = YES;
				GCC_WARN_UNUSED_VARIABLE = YES;
				IPHONEOS_DEPLOYMENT_TARGET = 8.0;
				MTL_ENABLE_DEBUG_INFO = YES;
				ONLY_ACTIVE_ARCH = YES;
				SDKROOT = iphoneos;
				SWIFT_ACTIVE_COMPILATION_CONDITIONS = DEBUG;
				SWIFT_OPTIMIZATION_LEVEL = "-Onone";
				SWIFT_VERSION = 4.2;
			};
			name = Debug;
		};
		16C7E9EB1FA7B56900B89105 /* Release */ = {
			isa = XCBuildConfiguration;
			buildSettings = {
				ALWAYS_SEARCH_USER_PATHS = NO;
				CLANG_ANALYZER_NONNULL = YES;
				CLANG_ANALYZER_NUMBER_OBJECT_CONVERSION = YES_AGGRESSIVE;
				CLANG_CXX_LANGUAGE_STANDARD = "gnu++14";
				CLANG_CXX_LIBRARY = "libc++";
				CLANG_ENABLE_MODULES = YES;
				CLANG_ENABLE_OBJC_ARC = YES;
				CLANG_WARN_BLOCK_CAPTURE_AUTORELEASING = YES;
				CLANG_WARN_BOOL_CONVERSION = YES;
				CLANG_WARN_COMMA = YES;
				CLANG_WARN_CONSTANT_CONVERSION = YES;
				CLANG_WARN_DIRECT_OBJC_ISA_USAGE = YES_ERROR;
				CLANG_WARN_DOCUMENTATION_COMMENTS = YES;
				CLANG_WARN_EMPTY_BODY = YES;
				CLANG_WARN_ENUM_CONVERSION = YES;
				CLANG_WARN_INFINITE_RECURSION = YES;
				CLANG_WARN_INT_CONVERSION = YES;
				CLANG_WARN_NON_LITERAL_NULL_CONVERSION = YES;
				CLANG_WARN_OBJC_LITERAL_CONVERSION = YES;
				CLANG_WARN_OBJC_ROOT_CLASS = YES_ERROR;
				CLANG_WARN_RANGE_LOOP_ANALYSIS = YES;
				CLANG_WARN_STRICT_PROTOTYPES = YES;
				CLANG_WARN_SUSPICIOUS_MOVE = YES;
				CLANG_WARN_UNGUARDED_AVAILABILITY = YES_AGGRESSIVE;
				CLANG_WARN_UNREACHABLE_CODE = YES;
				CLANG_WARN__DUPLICATE_METHOD_MATCH = YES;
				CODE_SIGN_IDENTITY = "iPhone Developer";
				COPY_PHASE_STRIP = NO;
				DEBUG_INFORMATION_FORMAT = "dwarf-with-dsym";
				ENABLE_NS_ASSERTIONS = NO;
				ENABLE_STRICT_OBJC_MSGSEND = YES;
				GCC_C_LANGUAGE_STANDARD = gnu11;
				GCC_NO_COMMON_BLOCKS = YES;
				GCC_WARN_64_TO_32_BIT_CONVERSION = YES;
				GCC_WARN_ABOUT_RETURN_TYPE = YES_ERROR;
				GCC_WARN_UNDECLARED_SELECTOR = YES;
				GCC_WARN_UNINITIALIZED_AUTOS = YES_AGGRESSIVE;
				GCC_WARN_UNUSED_FUNCTION = YES;
				GCC_WARN_UNUSED_VARIABLE = YES;
				IPHONEOS_DEPLOYMENT_TARGET = 8.0;
				MTL_ENABLE_DEBUG_INFO = NO;
				SDKROOT = iphoneos;
				SWIFT_OPTIMIZATION_LEVEL = "-Owholemodule";
				SWIFT_VERSION = 4.2;
				VALIDATE_PRODUCT = YES;
			};
			name = Release;
		};
		16C7E9ED1FA7B56900B89105 /* Debug */ = {
			isa = XCBuildConfiguration;
			buildSettings = {
				ASSETCATALOG_COMPILER_APPICON_NAME = AppIcon;
				CODE_SIGN_STYLE = Automatic;
				DEVELOPMENT_TEAM = 63BBCFF56L;
				INFOPLIST_FILE = TICExample/Info.plist;
				LD_RUNPATH_SEARCH_PATHS = "$(inherited) @executable_path/Frameworks";
				PRODUCT_BUNDLE_IDENTIFIER = com.sil.TICExample;
				PRODUCT_NAME = "$(TARGET_NAME)";
				SWIFT_VERSION = 5.0;
				TARGETED_DEVICE_FAMILY = "1,2";
			};
			name = Debug;
		};
		16C7E9EE1FA7B56900B89105 /* Release */ = {
			isa = XCBuildConfiguration;
			buildSettings = {
				ASSETCATALOG_COMPILER_APPICON_NAME = AppIcon;
				CODE_SIGN_STYLE = Automatic;
				DEVELOPMENT_TEAM = 63BBCFF56L;
				INFOPLIST_FILE = TICExample/Info.plist;
				LD_RUNPATH_SEARCH_PATHS = "$(inherited) @executable_path/Frameworks";
				PRODUCT_BUNDLE_IDENTIFIER = com.sil.TICExample;
				PRODUCT_NAME = "$(TARGET_NAME)";
				SWIFT_VERSION = 5.0;
				TARGETED_DEVICE_FAMILY = "1,2";
			};
			name = Release;
		};
/* End XCBuildConfiguration section */

/* Begin XCConfigurationList section */
		16C7E9D51FA7B56900B89105 /* Build configuration list for PBXProject "TICExample" */ = {
			isa = XCConfigurationList;
			buildConfigurations = (
				16C7E9EA1FA7B56900B89105 /* Debug */,
				16C7E9EB1FA7B56900B89105 /* Release */,
			);
			defaultConfigurationIsVisible = 0;
			defaultConfigurationName = Release;
		};
		16C7E9EC1FA7B56900B89105 /* Build configuration list for PBXNativeTarget "TICExample" */ = {
			isa = XCConfigurationList;
			buildConfigurations = (
				16C7E9ED1FA7B56900B89105 /* Debug */,
				16C7E9EE1FA7B56900B89105 /* Release */,
			);
			defaultConfigurationIsVisible = 0;
			defaultConfigurationName = Release;
		};
/* End XCConfigurationList section */
	};
	rootObject = 16C7E9D21FA7B56900B89105 /* Project object */;
}
